
Microsoft Visual Studio Solution File, Format Version 12.00
# Visual Studio 14
VisualStudioVersion = 14.0.23107.0
MinimumVisualStudioVersion = 10.0.40219.1
Project("{FAE04EC0-301F-11D3-BF4B-00C04F79EFBC}") = "练习1_3", "练习1_3\练习1_3.csproj", "{F72103B7-C8DE-47D0-AB0D-9C340267A319}"
EndProject
Project("{FAE04EC0-301F-11D3-BF4B-00C04F79EFBC}") = "练习8_9", "练习8_9\练习8_9.csproj", "{A2806303-B21E-4F98-AA43-C0F556609B1E}"
EndProject
Project("{FAE04EC0-301F-11D3-BF4B-00C04F79EFBC}") = "练习10-14", "练习10-14\练习10-14.csproj", "{FD69AC45-FBEA-4CF7-A50E-7859ED99D7EC}"
EndProject
Project("{FAE04EC0-301F-11D3-BF4B-00C04F79EFBC}") = "练习15-18", "练习15-18\练习15-18.csproj", "{78DD3DE1-4E3E-403C-AD2A-C5AB8DA1282E}"
EndProject
Project("{FAE04EC0-301F-11D3-BF4B-00C04F79EFBC}") = "练习19", "练习19\练习19.csproj", "{583B28E0-D646-4CF6-8267-01E7A7DDC5C4}"
EndProject
Project("{FAE04EC0-301F-11D3-BF4B-00C04F79EFBC}") = "练习25", "练习25\练习25.csproj", "{47E955E5-98F7-479D-ADEC-5A330C1C221D}"
EndProject
Project("{FAE04EC0-301F-11D3-BF4B-00C04F79EFBC}") = "使用gdi绘制简单的图形", "使用gdi绘制简单的图形\使用gdi绘制简单的图形.csproj", "{33D1F6DD-B5C2-497F-BF1C-D4D048F8AA36}"
EndProject
Project("{FAE04EC0-301F-11D3-BF4B-00C04F79EFBC}") = "图片验证码", "图片验证码\图片验证码.csproj", "{64B166D6-E9A0-485A-90C9-3A4BD9B94BC5}"
EndProject
Global
	GlobalSection(SolutionConfigurationPlatforms) = preSolution
		Debug|Any CPU = Debug|Any CPU
		Release|Any CPU = Release|Any CPU
	EndGlobalSection
	GlobalSection(ProjectConfigurationPlatforms) = postSolution
		{F72103B7-C8DE-47D0-AB0D-9C340267A319}.Debug|Any CPU.ActiveCfg = Debug|Any CPU
		{F72103B7-C8DE-47D0-AB0D-9C340267A319}.Debug|Any CPU.Build.0 = Debug|Any CPU
		{F72103B7-C8DE-47D0-AB0D-9C340267A319}.Release|Any CPU.ActiveCfg = Release|Any CPU
		{F72103B7-C8DE-47D0-AB0D-9C340267A319}.Release|Any CPU.Build.0 = Release|Any CPU
		{A2806303-B21E-4F98-AA43-C0F556609B1E}.Debug|Any CPU.ActiveCfg = Debug|Any CPU
		{A2806303-B21E-4F98-AA43-C0F556609B1E}.Debug|Any CPU.Build.0 = Debug|Any CPU
		{A2806303-B21E-4F98-AA43-C0F556609B1E}.Release|Any CPU.ActiveCfg = Release|Any CPU
		{A2806303-B21E-4F98-AA43-C0F556609B1E}.Release|Any CPU.Build.0 = Release|Any CPU
		{FD69AC45-FBEA-4CF7-A50E-7859ED99D7EC}.Debug|Any CPU.ActiveCfg = Debug|Any CPU
		{FD69AC45-FBEA-4CF7-A50E-7859ED99D7EC}.Debug|Any CPU.Build.0 = Debug|Any CPU
		{FD69AC45-FBEA-4CF7-A50E-7859ED99D7EC}.Release|Any CPU.ActiveCfg = Release|Any CPU
		{FD69AC45-FBEA-4CF7-A50E-7859ED99D7EC}.Release|Any CPU.Build.0 = Release|Any CPU
		{78DD3DE1-4E3E-403C-AD2A-C5AB8DA1282E}.Debug|Any CPU.ActiveCfg = Debug|Any CPU
		{78DD3DE1-4E3E-403C-AD2A-C5AB8DA1282E}.Debug|Any CPU.Build.0 = Debug|Any CPU
		{78DD3DE1-4E3E-403C-AD2A-C5AB8DA1282E}.Release|Any CPU.ActiveCfg = Release|Any CPU
		{78DD3DE1-4E3E-403C-AD2A-C5AB8DA1282E}.Release|Any CPU.Build.0 = Release|Any CPU
		{583B28E0-D646-4CF6-8267-01E7A7DDC5C4}.Debug|Any CPU.ActiveCfg = Debug|Any CPU
		{583B28E0-D646-4CF6-8267-01E7A7DDC5C4}.Debug|Any CPU.Build.0 = Debug|Any CPU
		{583B28E0-D646-4CF6-8267-01E7A7DDC5C4}.Release|Any CPU.ActiveCfg = Release|Any CPU
		{583B28E0-D646-4CF6-8267-01E7A7DDC5C4}.Release|Any CPU.Build.0 = Release|Any CPU
		{47E955E5-98F7-479D-ADEC-5A330C1C221D}.Debug|Any CPU.ActiveCfg = Debug|Any CPU
		{47E955E5-98F7-479D-ADEC-5A330C1C221D}.Debug|Any CPU.Build.0 = Debug|Any CPU
		{47E955E5-98F7-479D-ADEC-5A330C1C221D}.Release|Any CPU.ActiveCfg = Release|Any CPU
		{47E955E5-98F7-479D-ADEC-5A330C1C221D}.Release|Any CPU.Build.0 = Release|Any CPU
		{33D1F6DD-B5C2-497F-BF1C-D4D048F8AA36}.Debug|Any CPU.ActiveCfg = Debug|Any CPU
		{33D1F6DD-B5C2-497F-BF1C-D4D048F8AA36}.Debug|Any CPU.Build.0 = Debug|Any CPU
		{33D1F6DD-B5C2-497F-BF1C-D4D048F8AA36}.Release|Any CPU.ActiveCfg = Release|Any CPU
		{33D1F6DD-B5C2-497F-BF1C-D4D048F8AA36}.Release|Any CPU.Build.0 = Release|Any CPU
		{64B166D6-E9A0-485A-90C9-3A4BD9B94BC5}.Debug|Any CPU.ActiveCfg = Debug|Any CPU
		{64B166D6-E9A0-485A-90C9-3A4BD9B94BC5}.Debug|Any CPU.Build.0 = Debug|Any CPU
		{64B166D6-E9A0-485A-90C9-3A4BD9B94BC5}.Release|Any CPU.ActiveCfg = Release|Any CPU
		{64B166D6-E9A0-485A-90C9-3A4BD9B94BC5}.Release|Any CPU.Build.0 = Release|Any CPU
	EndGlobalSection
	GlobalSection(SolutionProperties) = preSolution
		HideSolutionNode = FALSE
	EndGlobalSection
EndGlobal
