
Microsoft Visual Studio Solution File, Format Version 12.00
# Visual Studio 14
VisualStudioVersion = 14.0.23107.0
MinimumVisualStudioVersion = 10.0.40219.1
Project("{FAE04EC0-301F-11D3-BF4B-00C04F79EFBC}") = "单例模式", "单例模式\单例模式.csproj", "{85A118F8-E3D9-4FE1-9AD5-6A435EF68D2D}"
EndProject
Project("{FAE04EC0-301F-11D3-BF4B-00C04F79EFBC}") = "创建XML", "创建XML\创建XML.csproj", "{2F9C9683-FF8B-44C5-AAE5-EE9381FC7008}"
EndProject
Project("{FAE04EC0-301F-11D3-BF4B-00C04F79EFBC}") = "创建带属性的xml文档", "创建带属性的xml文档\创建带属性的xml文档.csproj", "{BD035282-E02D-4080-B7EC-875B491306D6}"
EndProject
Project("{FAE04EC0-301F-11D3-BF4B-00C04F79EFBC}") = "追加xml", "追加xml\追加xml.csproj", "{49E39F86-0C28-498F-97F4-C6E8BB041BE6}"
EndProject
Project("{FAE04EC0-301F-11D3-BF4B-00C04F79EFBC}") = "读取xml", "读取xml\读取xml.csproj", "{6BAA3804-BD8D-4D73-94CE-62CDB4E1C4EC}"
EndProject
Project("{FAE04EC0-301F-11D3-BF4B-00C04F79EFBC}") = "外部命令接收器", "外部命令接收器\外部命令接收器.csproj", "{BC6A814C-30A0-45DE-BDF8-B2E83CA7B27D}"
EndProject
Project("{FAE04EC0-301F-11D3-BF4B-00C04F79EFBC}") = "为什么要使用委托", "为什么要使用委托\为什么要使用委托.csproj", "{2BB55483-DD6F-4B73-B94F-68F174AE7B62}"
EndProject
Project("{FAE04EC0-301F-11D3-BF4B-00C04F79EFBC}") = "委托概念", "委托概念\委托概念.csproj", "{D79E2684-1EF5-4E62-8945-419F409E7CD9}"
EndProject
Project("{FAE04EC0-301F-11D3-BF4B-00C04F79EFBC}") = "匿名函数", "匿名函数\匿名函数.csproj", "{F0899D8E-114C-44CA-8764-583F25B9C100}"
EndProject
Project("{FAE04EC0-301F-11D3-BF4B-00C04F79EFBC}") = "求任意数组的最大值", "求任意数组的最大值\求任意数组的最大值.csproj", "{4C0B216D-6DF7-46BA-96F2-B89F68D715B1}"
EndProject
Project("{FAE04EC0-301F-11D3-BF4B-00C04F79EFBC}") = "泛型委托", "泛型委托\泛型委托.csproj", "{1FE54FF2-A511-4C55-A406-C7930C21C3FB}"
EndProject
Project("{FAE04EC0-301F-11D3-BF4B-00C04F79EFBC}") = "lamda表达式", "lamda表达式\lamda表达式.csproj", "{289AC305-8435-404D-AB57-186236F95C9B}"
EndProject
Project("{FAE04EC0-301F-11D3-BF4B-00C04F79EFBC}") = "使用委托进行窗体传值", "使用委托进行窗体传值\使用委托进行窗体传值.csproj", "{887C3209-6614-428F-8D13-61F92FC47D0E}"
EndProject
Project("{FAE04EC0-301F-11D3-BF4B-00C04F79EFBC}") = "多播委托", "多播委托\多播委托.csproj", "{303A7BFE-2E9E-47CE-9BB0-4157596F7CDB}"
EndProject
Global
	GlobalSection(SolutionConfigurationPlatforms) = preSolution
		Debug|Any CPU = Debug|Any CPU
		Release|Any CPU = Release|Any CPU
	EndGlobalSection
	GlobalSection(ProjectConfigurationPlatforms) = postSolution
		{85A118F8-E3D9-4FE1-9AD5-6A435EF68D2D}.Debug|Any CPU.ActiveCfg = Debug|Any CPU
		{85A118F8-E3D9-4FE1-9AD5-6A435EF68D2D}.Debug|Any CPU.Build.0 = Debug|Any CPU
		{85A118F8-E3D9-4FE1-9AD5-6A435EF68D2D}.Release|Any CPU.ActiveCfg = Release|Any CPU
		{85A118F8-E3D9-4FE1-9AD5-6A435EF68D2D}.Release|Any CPU.Build.0 = Release|Any CPU
		{2F9C9683-FF8B-44C5-AAE5-EE9381FC7008}.Debug|Any CPU.ActiveCfg = Debug|Any CPU
		{2F9C9683-FF8B-44C5-AAE5-EE9381FC7008}.Debug|Any CPU.Build.0 = Debug|Any CPU
		{2F9C9683-FF8B-44C5-AAE5-EE9381FC7008}.Release|Any CPU.ActiveCfg = Release|Any CPU
		{2F9C9683-FF8B-44C5-AAE5-EE9381FC7008}.Release|Any CPU.Build.0 = Release|Any CPU
		{BD035282-E02D-4080-B7EC-875B491306D6}.Debug|Any CPU.ActiveCfg = Debug|Any CPU
		{BD035282-E02D-4080-B7EC-875B491306D6}.Debug|Any CPU.Build.0 = Debug|Any CPU
		{BD035282-E02D-4080-B7EC-875B491306D6}.Release|Any CPU.ActiveCfg = Release|Any CPU
		{BD035282-E02D-4080-B7EC-875B491306D6}.Release|Any CPU.Build.0 = Release|Any CPU
		{49E39F86-0C28-498F-97F4-C6E8BB041BE6}.Debug|Any CPU.ActiveCfg = Debug|Any CPU
		{49E39F86-0C28-498F-97F4-C6E8BB041BE6}.Debug|Any CPU.Build.0 = Debug|Any CPU
		{49E39F86-0C28-498F-97F4-C6E8BB041BE6}.Release|Any CPU.ActiveCfg = Release|Any CPU
		{49E39F86-0C28-498F-97F4-C6E8BB041BE6}.Release|Any CPU.Build.0 = Release|Any CPU
		{6BAA3804-BD8D-4D73-94CE-62CDB4E1C4EC}.Debug|Any CPU.ActiveCfg = Debug|Any CPU
		{6BAA3804-BD8D-4D73-94CE-62CDB4E1C4EC}.Debug|Any CPU.Build.0 = Debug|Any CPU
		{6BAA3804-BD8D-4D73-94CE-62CDB4E1C4EC}.Release|Any CPU.ActiveCfg = Release|Any CPU
		{6BAA3804-BD8D-4D73-94CE-62CDB4E1C4EC}.Release|Any CPU.Build.0 = Release|Any CPU
		{BC6A814C-30A0-45DE-BDF8-B2E83CA7B27D}.Debug|Any CPU.ActiveCfg = Debug|Any CPU
		{BC6A814C-30A0-45DE-BDF8-B2E83CA7B27D}.Debug|Any CPU.Build.0 = Debug|Any CPU
		{BC6A814C-30A0-45DE-BDF8-B2E83CA7B27D}.Release|Any CPU.ActiveCfg = Release|Any CPU
		{BC6A814C-30A0-45DE-BDF8-B2E83CA7B27D}.Release|Any CPU.Build.0 = Release|Any CPU
		{2BB55483-DD6F-4B73-B94F-68F174AE7B62}.Debug|Any CPU.ActiveCfg = Debug|Any CPU
		{2BB55483-DD6F-4B73-B94F-68F174AE7B62}.Debug|Any CPU.Build.0 = Debug|Any CPU
		{2BB55483-DD6F-4B73-B94F-68F174AE7B62}.Release|Any CPU.ActiveCfg = Release|Any CPU
		{2BB55483-DD6F-4B73-B94F-68F174AE7B62}.Release|Any CPU.Build.0 = Release|Any CPU
		{D79E2684-1EF5-4E62-8945-419F409E7CD9}.Debug|Any CPU.ActiveCfg = Debug|Any CPU
		{D79E2684-1EF5-4E62-8945-419F409E7CD9}.Debug|Any CPU.Build.0 = Debug|Any CPU
		{D79E2684-1EF5-4E62-8945-419F409E7CD9}.Release|Any CPU.ActiveCfg = Release|Any CPU
		{D79E2684-1EF5-4E62-8945-419F409E7CD9}.Release|Any CPU.Build.0 = Release|Any CPU
		{F0899D8E-114C-44CA-8764-583F25B9C100}.Debug|Any CPU.ActiveCfg = Debug|Any CPU
		{F0899D8E-114C-44CA-8764-583F25B9C100}.Debug|Any CPU.Build.0 = Debug|Any CPU
		{F0899D8E-114C-44CA-8764-583F25B9C100}.Release|Any CPU.ActiveCfg = Release|Any CPU
		{F0899D8E-114C-44CA-8764-583F25B9C100}.Release|Any CPU.Build.0 = Release|Any CPU
		{4C0B216D-6DF7-46BA-96F2-B89F68D715B1}.Debug|Any CPU.ActiveCfg = Debug|Any CPU
		{4C0B216D-6DF7-46BA-96F2-B89F68D715B1}.Debug|Any CPU.Build.0 = Debug|Any CPU
		{4C0B216D-6DF7-46BA-96F2-B89F68D715B1}.Release|Any CPU.ActiveCfg = Release|Any CPU
		{4C0B216D-6DF7-46BA-96F2-B89F68D715B1}.Release|Any CPU.Build.0 = Release|Any CPU
		{1FE54FF2-A511-4C55-A406-C7930C21C3FB}.Debug|Any CPU.ActiveCfg = Debug|Any CPU
		{1FE54FF2-A511-4C55-A406-C7930C21C3FB}.Debug|Any CPU.Build.0 = Debug|Any CPU
		{1FE54FF2-A511-4C55-A406-C7930C21C3FB}.Release|Any CPU.ActiveCfg = Release|Any CPU
		{1FE54FF2-A511-4C55-A406-C7930C21C3FB}.Release|Any CPU.Build.0 = Release|Any CPU
		{289AC305-8435-404D-AB57-186236F95C9B}.Debug|Any CPU.ActiveCfg = Debug|Any CPU
		{289AC305-8435-404D-AB57-186236F95C9B}.Debug|Any CPU.Build.0 = Debug|Any CPU
		{289AC305-8435-404D-AB57-186236F95C9B}.Release|Any CPU.ActiveCfg = Release|Any CPU
		{289AC305-8435-404D-AB57-186236F95C9B}.Release|Any CPU.Build.0 = Release|Any CPU
		{887C3209-6614-428F-8D13-61F92FC47D0E}.Debug|Any CPU.ActiveCfg = Debug|Any CPU
		{887C3209-6614-428F-8D13-61F92FC47D0E}.Debug|Any CPU.Build.0 = Debug|Any CPU
		{887C3209-6614-428F-8D13-61F92FC47D0E}.Release|Any CPU.ActiveCfg = Release|Any CPU
		{887C3209-6614-428F-8D13-61F92FC47D0E}.Release|Any CPU.Build.0 = Release|Any CPU
		{303A7BFE-2E9E-47CE-9BB0-4157596F7CDB}.Debug|Any CPU.ActiveCfg = Debug|Any CPU
		{303A7BFE-2E9E-47CE-9BB0-4157596F7CDB}.Debug|Any CPU.Build.0 = Debug|Any CPU
		{303A7BFE-2E9E-47CE-9BB0-4157596F7CDB}.Release|Any CPU.ActiveCfg = Release|Any CPU
		{303A7BFE-2E9E-47CE-9BB0-4157596F7CDB}.Release|Any CPU.Build.0 = Release|Any CPU
	EndGlobalSection
	GlobalSection(SolutionProperties) = preSolution
		HideSolutionNode = FALSE
	EndGlobalSection
EndGlobal
